
Microsoft Visual Studio Solution File, Format Version 12.00
# Visual Studio Version 16
VisualStudioVersion = 16.0.29001.49
MinimumVisualStudioVersion = 10.0.40219.1
Project("{FAE04EC0-301F-11D3-BF4B-00C04F79EFBC}") = "ExampleNETCoreAWSBeanstalkCICD", "ExampleNETCoreAWSBeanstalkCICD\ExampleNETCoreAWSBeanstalkCICD.csproj", "{458FD7B7-0DC2-458D-82AA-685860688CAB}"
EndProject
Project("{2150E333-8FDC-42A3-9474-1A3956D46DE8}") = "Solution Items", "Solution Items", "{DC21B3B6-5865-4BFF-A17C-21CCDD596D44}"
	ProjectSection(SolutionItems) = preProject
		buildspec.yml = buildspec.yml
		codepipeline.template = codepipeline.template
		README.md = README.md
	EndProjectSection
EndProject
Global
	GlobalSection(SolutionConfigurationPlatforms) = preSolution
		Debug|Any CPU = Debug|Any CPU
		Release|Any CPU = Release|Any CPU
	EndGlobalSection
	GlobalSection(ProjectConfigurationPlatforms) = postSolution
		{458FD7B7-0DC2-458D-82AA-685860688CAB}.Debug|Any CPU.ActiveCfg = Debug|Any CPU
		{458FD7B7-0DC2-458D-82AA-685860688CAB}.Debug|Any CPU.Build.0 = Debug|Any CPU
		{458FD7B7-0DC2-458D-82AA-685860688CAB}.Release|Any CPU.ActiveCfg = Release|Any CPU
		{458FD7B7-0DC2-458D-82AA-685860688CAB}.Release|Any CPU.Build.0 = Release|Any CPU
	EndGlobalSection
	GlobalSection(SolutionProperties) = preSolution
		HideSolutionNode = FALSE
	EndGlobalSection
	GlobalSection(ExtensibilityGlobals) = postSolution
		SolutionGuid = {AD470C5D-72B2-426B-8277-D700553655DC}
	EndGlobalSection
EndGlobal
